
Microsoft Visual Studio Solution File, Format Version 12.00
# Visual Studio Version 17
VisualStudioVersion = 17.3.32929.385
MinimumVisualStudioVersion = 10.0.40219.1
Project("{8BC9CEB8-8B4A-11D0-8D11-00A0C91BC942}") = "lab10", "lab10\lab10.vcxproj", "{863EC134-33EF-4EEA-BAFE-595D3E07117C}"
EndProject
Global
	GlobalSection(SolutionConfigurationPlatforms) = preSolution
		Debug|x64 = Debug|x64
		Debug|x86 = Debug|x86
		Release|x64 = Release|x64
		Release|x86 = Release|x86
	EndGlobalSection
	GlobalSection(ProjectConfigurationPlatforms) = postSolution
		{863EC134-33EF-4EEA-BAFE-595D3E07117C}.Debug|x64.ActiveCfg = Debug|x64
		{863EC134-33EF-4EEA-BAFE-595D3E07117C}.Debug|x64.Build.0 = Debug|x64
		{863EC134-33EF-4EEA-BAFE-595D3E07117C}.Debug|x86.ActiveCfg = Debug|Win32
		{863EC134-33EF-4EEA-BAFE-595D3E07117C}.Debug|x86.Build.0 = Debug|Win32
		{863EC134-33EF-4EEA-BAFE-595D3E07117C}.Release|x64.ActiveCfg = Release|x64
		{863EC134-33EF-4EEA-BAFE-595D3E07117C}.Release|x64.Build.0 = Release|x64
		{863EC134-33EF-4EEA-BAFE-595D3E07117C}.Release|x86.ActiveCfg = Release|Win32
		{863EC134-33EF-4EEA-BAFE-595D3E07117C}.Release|x86.Build.0 = Release|Win32
	EndGlobalSection
	GlobalSection(SolutionProperties) = preSolution
		HideSolutionNode = FALSE
	EndGlobalSection
	GlobalSection(ExtensibilityGlobals) = postSolution
		SolutionGuid = {C8D1B6B0-881C-4439-8626-2DE9C5DC95E3}
	EndGlobalSection
EndGlobal
